---
- - test/spec/fixtures/repos/db/java-apache-dbcp-sample
  - bc8ef681cf36bf3d78dd94ea514e6d26c649bbb1
- - test/spec/fixtures/repos/github/java-getting-started
  - main
- - test/spec/fixtures/repos/java/java-servlets-sample
  - 1cc2843067197d939a1218f1bbe63f5ed28c6111
- - test/spec/fixtures/repos/java/korvan
  - 1a99202ecc10f9a27ad3fedb30403b3f4bcb4750
- - test/spec/fixtures/repos/java/libpng-test
  - 2afd98d3a953fd49f9a2f77380a639ae3091ec98
- - test/spec/fixtures/repos/java/maven-polyglot
  - ecab985c6fa8678b69cc6764f939fd76a9de70ee
- - test/spec/fixtures/repos/java/webapp-runner-sample
  - 02b128a87db6df7776baafdcb9a69504e4a41a58
- - test/spec/fixtures/repos/spring/spring-boot-executable
  - e10d57ce128ad43225b2e0c6c3a0c0d0aa71ff9e
- - test/spec/fixtures/repos/spring/spring-boot-webapp-runner
  - dd3ec06e76b562bd3734ad5dc576b416ff1559ea
